dependencies:
- name: redis
  repository: https://charts.bitnami.com/bitnami
  version: 10.7.16
- name: mysql
  repository: https://kubernetes-charts.storage.googleapis.com
  version: 1.6.6
digest: sha256:b6af0443612d4caac0365013278dcb710fb8970fea2e27c16b7b410d429f3be8
generated: "2020-08-19T23:00:10.184128-07:00"
